
Microsoft Visual Studio Solution File, Format Version 12.00
# Visual Studio Version 16
VisualStudioVersion = 16.0.32901.82
MinimumVisualStudioVersion = 10.0.40219.1
Project("{FAE04EC0-301F-11D3-BF4B-00C04F79EFBC}") = "NguyenVietTrung_2019603066", "NguyenVietTrung_2019603066\NguyenVietTrung_2019603066.csproj", "{C0A9EBC0-19B0-4A85-A038-281831CDF00D}"
EndProject
Project("{FAE04EC0-301F-11D3-BF4B-00C04F79EFBC}") = "Bai1_1", "Bai1_1\Bai1_1.csproj", "{95D25E85-F964-4313-A120-A57E8B7E9EA2}"
EndProject
Project("{FAE04EC0-301F-11D3-BF4B-00C04F79EFBC}") = "Bai1_22", "Bai1_22\Bai1_22.csproj", "{0C97A284-B08C-4D68-BCFB-FAFBE172928E}"
EndProject
Global
	GlobalSection(SolutionConfigurationPlatforms) = preSolution
		Debug|Any CPU = Debug|Any CPU
		Release|Any CPU = Release|Any CPU
	EndGlobalSection
	GlobalSection(ProjectConfigurationPlatforms) = postSolution
		{C0A9EBC0-19B0-4A85-A038-281831CDF00D}.Debug|Any CPU.ActiveCfg = Debug|Any CPU
		{C0A9EBC0-19B0-4A85-A038-281831CDF00D}.Debug|Any CPU.Build.0 = Debug|Any CPU
		{C0A9EBC0-19B0-4A85-A038-281831CDF00D}.Release|Any CPU.ActiveCfg = Release|Any CPU
		{C0A9EBC0-19B0-4A85-A038-281831CDF00D}.Release|Any CPU.Build.0 = Release|Any CPU
		{95D25E85-F964-4313-A120-A57E8B7E9EA2}.Debug|Any CPU.ActiveCfg = Debug|Any CPU
		{95D25E85-F964-4313-A120-A57E8B7E9EA2}.Debug|Any CPU.Build.0 = Debug|Any CPU
		{95D25E85-F964-4313-A120-A57E8B7E9EA2}.Release|Any CPU.ActiveCfg = Release|Any CPU
		{95D25E85-F964-4313-A120-A57E8B7E9EA2}.Release|Any CPU.Build.0 = Release|Any CPU
		{0C97A284-B08C-4D68-BCFB-FAFBE172928E}.Debug|Any CPU.ActiveCfg = Debug|Any CPU
		{0C97A284-B08C-4D68-BCFB-FAFBE172928E}.Debug|Any CPU.Build.0 = Debug|Any CPU
		{0C97A284-B08C-4D68-BCFB-FAFBE172928E}.Release|Any CPU.ActiveCfg = Release|Any CPU
		{0C97A284-B08C-4D68-BCFB-FAFBE172928E}.Release|Any CPU.Build.0 = Release|Any CPU
	EndGlobalSection
	GlobalSection(SolutionProperties) = preSolution
		HideSolutionNode = FALSE
	EndGlobalSection
	GlobalSection(ExtensibilityGlobals) = postSolution
		SolutionGuid = {15F5ED54-7224-4272-AB99-D2970BDDB80F}
	EndGlobalSection
EndGlobal
